
Microsoft Visual Studio Solution File, Format Version 12.00
# Visual Studio Version 16
VisualStudioVersion = 16.0.31624.102
MinimumVisualStudioVersion = 10.0.40219.1
Project("{8BC9CEB8-8B4A-11D0-8D11-00A0C91BC942}") = "lab2.3", "lab2.3\lab2.3.vcxproj", "{A1DE71AD-6AE3-44A8-B2AC-37C42A966605}"
EndProject
Global
	GlobalSection(SolutionConfigurationPlatforms) = preSolution
		Debug|x64 = Debug|x64
		Debug|x86 = Debug|x86
		Release|x64 = Release|x64
		Release|x86 = Release|x86
	EndGlobalSection
	GlobalSection(ProjectConfigurationPlatforms) = postSolution
		{A1DE71AD-6AE3-44A8-B2AC-37C42A966605}.Debug|x64.ActiveCfg = Debug|x64
		{A1DE71AD-6AE3-44A8-B2AC-37C42A966605}.Debug|x64.Build.0 = Debug|x64
		{A1DE71AD-6AE3-44A8-B2AC-37C42A966605}.Debug|x86.ActiveCfg = Debug|Win32
		{A1DE71AD-6AE3-44A8-B2AC-37C42A966605}.Debug|x86.Build.0 = Debug|Win32
		{A1DE71AD-6AE3-44A8-B2AC-37C42A966605}.Release|x64.ActiveCfg = Release|x64
		{A1DE71AD-6AE3-44A8-B2AC-37C42A966605}.Release|x64.Build.0 = Release|x64
		{A1DE71AD-6AE3-44A8-B2AC-37C42A966605}.Release|x86.ActiveCfg = Release|Win32
		{A1DE71AD-6AE3-44A8-B2AC-37C42A966605}.Release|x86.Build.0 = Release|Win32
	EndGlobalSection
	GlobalSection(SolutionProperties) = preSolution
		HideSolutionNode = FALSE
	EndGlobalSection
	GlobalSection(ExtensibilityGlobals) = postSolution
		SolutionGuid = {D041CC9A-D314-4DBE-9E6A-ABC2278D2A6E}
	EndGlobalSection
EndGlobal
