
Microsoft Visual Studio Solution File, Format Version 12.00
# Visual Studio Version 16
VisualStudioVersion = 16.0.31624.102
MinimumVisualStudioVersion = 10.0.40219.1
Project("{8BC9CEB8-8B4A-11D0-8D11-00A0C91BC942}") = "red-black_tree", "red-black_tree\red-black_tree.vcxproj", "{486833D6-965A-4CE9-8725-09AC5C8D5972}"
EndProject
Global
	GlobalSection(SolutionConfigurationPlatforms) = preSolution
		Debug|x64 = Debug|x64
		Debug|x86 = Debug|x86
		Release|x64 = Release|x64
		Release|x86 = Release|x86
	EndGlobalSection
	GlobalSection(ProjectConfigurationPlatforms) = postSolution
		{486833D6-965A-4CE9-8725-09AC5C8D5972}.Debug|x64.ActiveCfg = Debug|x64
		{486833D6-965A-4CE9-8725-09AC5C8D5972}.Debug|x64.Build.0 = Debug|x64
		{486833D6-965A-4CE9-8725-09AC5C8D5972}.Debug|x86.ActiveCfg = Debug|Win32
		{486833D6-965A-4CE9-8725-09AC5C8D5972}.Debug|x86.Build.0 = Debug|Win32
		{486833D6-965A-4CE9-8725-09AC5C8D5972}.Release|x64.ActiveCfg = Release|x64
		{486833D6-965A-4CE9-8725-09AC5C8D5972}.Release|x64.Build.0 = Release|x64
		{486833D6-965A-4CE9-8725-09AC5C8D5972}.Release|x86.ActiveCfg = Release|Win32
		{486833D6-965A-4CE9-8725-09AC5C8D5972}.Release|x86.Build.0 = Release|Win32
	EndGlobalSection
	GlobalSection(SolutionProperties) = preSolution
		HideSolutionNode = FALSE
	EndGlobalSection
	GlobalSection(ExtensibilityGlobals) = postSolution
		SolutionGuid = {F69C3B08-1D91-420D-9C9F-49A9597ED174}
	EndGlobalSection
EndGlobal
